
Microsoft Visual Studio Solution File, Format Version 12.00
Project("{FAE04EC0-301F-11D3-BF4B-00C04F79EFBC}") = "Coplt.Shader", "Coplt.Shader\Coplt.Shader.csproj", "{6DF9167F-8C75-4FE3-A08F-384FC57377D9}"
EndProject
Project("{FAE04EC0-301F-11D3-BF4B-00C04F79EFBC}") = "Tests", "Tests\Tests.csproj", "{F36156B9-F69D-4D48-856F-E2972142546F}"
EndProject
Project("{FAE04EC0-301F-11D3-BF4B-00C04F79EFBC}") = "Coplt.Shader.Mir", "Coplt.Shader.Mir\Coplt.Shader.Mir.csproj", "{ACDB9BCB-E30D-4342-80A5-5F7BC7EE272D}"
EndProject
Project("{FAE04EC0-301F-11D3-BF4B-00C04F79EFBC}") = "Coplt.Shader.Analyzers", "Coplt.Shader.Analyzers\Coplt.Shader.Analyzers.csproj", "{A20F03F9-53F2-408A-BD62-5EEB78DD228B}"
EndProject
Global
	GlobalSection(SolutionConfigurationPlatforms) = preSolution
		Debug|Any CPU = Debug|Any CPU
		Release|Any CPU = Release|Any CPU
	EndGlobalSection
	GlobalSection(ProjectConfigurationPlatforms) = postSolution
		{6DF9167F-8C75-4FE3-A08F-384FC57377D9}.Debug|Any CPU.ActiveCfg = Debug|Any CPU
		{6DF9167F-8C75-4FE3-A08F-384FC57377D9}.Debug|Any CPU.Build.0 = Debug|Any CPU
		{6DF9167F-8C75-4FE3-A08F-384FC57377D9}.Release|Any CPU.ActiveCfg = Release|Any CPU
		{6DF9167F-8C75-4FE3-A08F-384FC57377D9}.Release|Any CPU.Build.0 = Release|Any CPU
		{F36156B9-F69D-4D48-856F-E2972142546F}.Debug|Any CPU.ActiveCfg = Debug|Any CPU
		{F36156B9-F69D-4D48-856F-E2972142546F}.Debug|Any CPU.Build.0 = Debug|Any CPU
		{F36156B9-F69D-4D48-856F-E2972142546F}.Release|Any CPU.ActiveCfg = Release|Any CPU
		{F36156B9-F69D-4D48-856F-E2972142546F}.Release|Any CPU.Build.0 = Release|Any CPU
		{ACDB9BCB-E30D-4342-80A5-5F7BC7EE272D}.Debug|Any CPU.ActiveCfg = Debug|Any CPU
		{ACDB9BCB-E30D-4342-80A5-5F7BC7EE272D}.Debug|Any CPU.Build.0 = Debug|Any CPU
		{ACDB9BCB-E30D-4342-80A5-5F7BC7EE272D}.Release|Any CPU.ActiveCfg = Release|Any CPU
		{ACDB9BCB-E30D-4342-80A5-5F7BC7EE272D}.Release|Any CPU.Build.0 = Release|Any CPU
		{A20F03F9-53F2-408A-BD62-5EEB78DD228B}.Debug|Any CPU.ActiveCfg = Debug|Any CPU
		{A20F03F9-53F2-408A-BD62-5EEB78DD228B}.Debug|Any CPU.Build.0 = Debug|Any CPU
		{A20F03F9-53F2-408A-BD62-5EEB78DD228B}.Release|Any CPU.ActiveCfg = Release|Any CPU
		{A20F03F9-53F2-408A-BD62-5EEB78DD228B}.Release|Any CPU.Build.0 = Release|Any CPU
	EndGlobalSection
EndGlobal
